
Microsoft Visual Studio Solution File, Format Version 12.00
# Visual Studio Version 16
VisualStudioVersion = 16.0.30503.244
MinimumVisualStudioVersion = 10.0.40219.1
Project("{FAE04EC0-301F-11D3-BF4B-00C04F79EFBC}") = "Pannenkoekensorteerder", "Pannenkoekensorteerder.csproj", "{6BC494B3-8DE3-4336-8F65-8E6D037316BA}"
EndProject
Global
	GlobalSection(SolutionConfigurationPlatforms) = preSolution
		Debug|Any CPU = Debug|Any CPU
		Release|Any CPU = Release|Any CPU
	EndGlobalSection
	GlobalSection(ProjectConfigurationPlatforms) = postSolution
		{6BC494B3-8DE3-4336-8F65-8E6D037316BA}.Debug|Any CPU.ActiveCfg = Debug|Any CPU
		{6BC494B3-8DE3-4336-8F65-8E6D037316BA}.Debug|Any CPU.Build.0 = Debug|Any CPU
		{6BC494B3-8DE3-4336-8F65-8E6D037316BA}.Release|Any CPU.ActiveCfg = Release|Any CPU
		{6BC494B3-8DE3-4336-8F65-8E6D037316BA}.Release|Any CPU.Build.0 = Release|Any CPU
	EndGlobalSection
	GlobalSection(SolutionProperties) = preSolution
		HideSolutionNode = FALSE
	EndGlobalSection
	GlobalSection(ExtensibilityGlobals) = postSolution
		SolutionGuid = {F651A690-B3E1-4BE2-82FB-1CED22618CB8}
	EndGlobalSection
EndGlobal
