
Microsoft Visual Studio Solution File, Format Version 12.00
# Visual Studio Version 16
VisualStudioVersion = 16.0.30523.141
MinimumVisualStudioVersion = 10.0.40219.1
Project("{FAE04EC0-301F-11D3-BF4B-00C04F79EFBC}") = "RaceCarOpdracht", "RaceCarOpdracht.csproj", "{BEEB3D65-60FB-4197-9CF3-A92690A4EE91}"
EndProject
Global
	GlobalSection(SolutionConfigurationPlatforms) = preSolution
		Debug|Any CPU = Debug|Any CPU
		Release|Any CPU = Release|Any CPU
	EndGlobalSection
	GlobalSection(ProjectConfigurationPlatforms) = postSolution
		{BEEB3D65-60FB-4197-9CF3-A92690A4EE91}.Debug|Any CPU.ActiveCfg = Debug|Any CPU
		{BEEB3D65-60FB-4197-9CF3-A92690A4EE91}.Debug|Any CPU.Build.0 = Debug|Any CPU
		{BEEB3D65-60FB-4197-9CF3-A92690A4EE91}.Release|Any CPU.ActiveCfg = Release|Any CPU
		{BEEB3D65-60FB-4197-9CF3-A92690A4EE91}.Release|Any CPU.Build.0 = Release|Any CPU
	EndGlobalSection
	GlobalSection(SolutionProperties) = preSolution
		HideSolutionNode = FALSE
	EndGlobalSection
	GlobalSection(ExtensibilityGlobals) = postSolution
		SolutionGuid = {78D08E14-1E8B-405D-BC6F-C269B0E2DC3C}
	EndGlobalSection
EndGlobal
