
Microsoft Visual Studio Solution File, Format Version 12.00
# Visual Studio Version 16
VisualStudioVersion = 16.0.30503.244
MinimumVisualStudioVersion = 10.0.40219.1
Project("{FAE04EC0-301F-11D3-BF4B-00C04F79EFBC}") = "BesteTijdVoorWetenschappers", "BesteTijdVoorWetenschappers.csproj", "{ADA59578-7B89-47F5-8DDF-CE3155F62E26}"
EndProject
Global
	GlobalSection(SolutionConfigurationPlatforms) = preSolution
		Debug|Any CPU = Debug|Any CPU
		Release|Any CPU = Release|Any CPU
	EndGlobalSection
	GlobalSection(ProjectConfigurationPlatforms) = postSolution
		{ADA59578-7B89-47F5-8DDF-CE3155F62E26}.Debug|Any CPU.ActiveCfg = Debug|Any CPU
		{ADA59578-7B89-47F5-8DDF-CE3155F62E26}.Debug|Any CPU.Build.0 = Debug|Any CPU
		{ADA59578-7B89-47F5-8DDF-CE3155F62E26}.Release|Any CPU.ActiveCfg = Release|Any CPU
		{ADA59578-7B89-47F5-8DDF-CE3155F62E26}.Release|Any CPU.Build.0 = Release|Any CPU
	EndGlobalSection
	GlobalSection(SolutionProperties) = preSolution
		HideSolutionNode = FALSE
	EndGlobalSection
	GlobalSection(ExtensibilityGlobals) = postSolution
		SolutionGuid = {350A8E4A-C747-477B-B35E-B6A07BC6A79C}
	EndGlobalSection
EndGlobal
