
Microsoft Visual Studio Solution File, Format Version 12.00
# Visual Studio Version 16
VisualStudioVersion = 16.0.30804.86
MinimumVisualStudioVersion = 10.0.40219.1
Project("{FAE04EC0-301F-11D3-BF4B-00C04F79EFBC}") = "ContainerVervoerForEach", "ContainerVervoerForEach.csproj", "{03630347-E0A9-4F59-A146-CC68D1265B78}"
EndProject
Global
	GlobalSection(SolutionConfigurationPlatforms) = preSolution
		Debug|Any CPU = Debug|Any CPU
		Release|Any CPU = Release|Any CPU
	EndGlobalSection
	GlobalSection(ProjectConfigurationPlatforms) = postSolution
		{03630347-E0A9-4F59-A146-CC68D1265B78}.Debug|Any CPU.ActiveCfg = Debug|Any CPU
		{03630347-E0A9-4F59-A146-CC68D1265B78}.Debug|Any CPU.Build.0 = Debug|Any CPU
		{03630347-E0A9-4F59-A146-CC68D1265B78}.Release|Any CPU.ActiveCfg = Release|Any CPU
		{03630347-E0A9-4F59-A146-CC68D1265B78}.Release|Any CPU.Build.0 = Release|Any CPU
	EndGlobalSection
	GlobalSection(SolutionProperties) = preSolution
		HideSolutionNode = FALSE
	EndGlobalSection
	GlobalSection(ExtensibilityGlobals) = postSolution
		SolutionGuid = {34063FB2-8DC2-494A-954A-57A84568F6F9}
	EndGlobalSection
EndGlobal
