
Microsoft Visual Studio Solution File, Format Version 12.00
# Visual Studio Version 16
VisualStudioVersion = 16.0.30611.23
MinimumVisualStudioVersion = 10.0.40219.1
Project("{FAE04EC0-301F-11D3-BF4B-00C04F79EFBC}") = "BasketbalCore", "BasketbalCore.csproj", "{914F687B-A63B-4F8E-A12F-6EC35BEC5DE0}"
EndProject
Global
	GlobalSection(SolutionConfigurationPlatforms) = preSolution
		Debug|Any CPU = Debug|Any CPU
		Release|Any CPU = Release|Any CPU
	EndGlobalSection
	GlobalSection(ProjectConfigurationPlatforms) = postSolution
		{914F687B-A63B-4F8E-A12F-6EC35BEC5DE0}.Debug|Any CPU.ActiveCfg = Debug|Any CPU
		{914F687B-A63B-4F8E-A12F-6EC35BEC5DE0}.Debug|Any CPU.Build.0 = Debug|Any CPU
		{914F687B-A63B-4F8E-A12F-6EC35BEC5DE0}.Release|Any CPU.ActiveCfg = Release|Any CPU
		{914F687B-A63B-4F8E-A12F-6EC35BEC5DE0}.Release|Any CPU.Build.0 = Release|Any CPU
	EndGlobalSection
	GlobalSection(SolutionProperties) = preSolution
		HideSolutionNode = FALSE
	EndGlobalSection
	GlobalSection(ExtensibilityGlobals) = postSolution
		SolutionGuid = {72AACEF9-7B73-4E48-BCC3-B924A1CA228A}
	EndGlobalSection
EndGlobal
